// !$*UTF8*$!
{
	archiveVersion = 1;
	classes = {
	};
	objectVersion = 48;
	objects = {

/* Begin PBXBuildFile section */
		050E5B2C219C491400DE8BE7 /* Assets.xcassets in Resources */ = {isa = PBXBuildFile; fileRef = 050E5B2B219C491200DE8BE7 /* Assets.xcassets */; };
		050E5B2F219C4C5000DE8BE7 /* Main.storyboard in Resources */ = {isa = PBXBuildFile; fileRef = 050E5B2D219C4C5000DE8BE7 /* Main.storyboard */; };
		050E5B30219C4C5000DE8BE7 /* LaunchScreen.storyboard in Resources */ = {isa = PBXBuildFile; fileRef = 050E5B2E219C4C5000DE8BE7 /* LaunchScreen.storyboard */; };
		050E5B35219C501500DE8BE7 /* CustomOverlay.xib in Resources */ = {isa = PBXBuildFile; fileRef = 050E5B31219C501500DE8BE7 /* CustomOverlay.xib */; };
		050E5B36219C501500DE8BE7 /* CustomOverlay.swift in Sources */ = {isa = PBXBuildFile; fileRef = 050E5B32219C501500DE8BE7 /* CustomOverlay.swift */; };
		050E5B37219C501500DE8BE7 /* CustomPage.xib in Resources */ = {isa = PBXBuildFile; fileRef = 050E5B33219C501500DE8BE7 /* CustomPage.xib */; };
		050E5B38219C501500DE8BE7 /* CustomPage.swift in Sources */ = {isa = PBXBuildFile; fileRef = 050E5B34219C501500DE8BE7 /* CustomPage.swift */; };
		050E5B3A219C503300DE8BE7 /* HelpVC.swift in Sources */ = {isa = PBXBuildFile; fileRef = 050E5B39219C503300DE8BE7 /* HelpVC.swift */; };
		052797C121403AA600BB32A7 /* Global.swift in Sources */ = {isa = PBXBuildFile; fileRef = 052797C021403AA600BB32A7 /* Global.swift */; };
		054B4D19201C82D300C23E6A /* WaveformView.swift in Sources */ = {isa = PBXBuildFile; fileRef = 054B4D18201C82D200C23E6A /* WaveformView.swift */; };
		0550136220C3F40B009EFFDE /* BGSky.png in Resources */ = {isa = PBXBuildFile; fileRef = 0550132520C3F40B009EFFDE /* BGSky.png */; };
		0550136320C3F40B009EFFDE /* BGTrees.png in Resources */ = {isa = PBXBuildFile; fileRef = 0550132620C3F40B009EFFDE /* BGTrees.png */; };
		0550136420C3F40B009EFFDE /* BGTrees_4.png in Resources */ = {isa = PBXBuildFile; fileRef = 0550132720C3F40B009EFFDE /* BGTrees_4.png */; };
		0550136520C3F40B009EFFDE /* blanket.png in Resources */ = {isa = PBXBuildFile; fileRef = 0550132820C3F40B009EFFDE /* blanket.png */; };
		0550136620C3F40B009EFFDE /* Bus.png in Resources */ = {isa = PBXBuildFile; fileRef = 0550132920C3F40B009EFFDE /* Bus.png */; };
		0550136720C3F40B009EFFDE /* Bus_3Shadow.png in Resources */ = {isa = PBXBuildFile; fileRef = 0550132A20C3F40B009EFFDE /* Bus_3Shadow.png */; };
		0550136820C3F40B009EFFDE /* Bushes.png in Resources */ = {isa = PBXBuildFile; fileRef = 0550132B20C3F40B009EFFDE /* Bushes.png */; };
		0550136920C3F40B009EFFDE /* CaughtFish.png in Resources */ = {isa = PBXBuildFile; fileRef = 0550132C20C3F40B009EFFDE /* CaughtFish.png */; };
		0550136A20C3F40B009EFFDE /* Cloud1.png in Resources */ = {isa = PBXBuildFile; fileRef = 0550132D20C3F40B009EFFDE /* Cloud1.png */; };
		0550136B20C3F40B009EFFDE /* Cloud2.png in Resources */ = {isa = PBXBuildFile; fileRef = 0550132E20C3F40B009EFFDE /* Cloud2.png */; };
		0550136C20C3F40B009EFFDE /* door.png in Resources */ = {isa = PBXBuildFile; fileRef = 0550132F20C3F40B009EFFDE /* door.png */; };
		0550136D20C3F40B009EFFDE /* door_1_champ.png in Resources */ = {isa = PBXBuildFile; fileRef = 0550133020C3F40B009EFFDE /* door_1_champ.png */; };
		0550136E20C3F40B009EFFDE /* door_2inside.png in Resources */ = {isa = PBXBuildFile; fileRef = 0550133120C3F40B009EFFDE /* door_2inside.png */; };
		0550136F20C3F40B009EFFDE /* Dream.png in Resources */ = {isa = PBXBuildFile; fileRef = 0550133220C3F40B009EFFDE /* Dream.png */; };
		0550137020C3F40B009EFFDE /* Eagle1.png in Resources */ = {isa = PBXBuildFile; fileRef = 0550133320C3F40B009EFFDE /* Eagle1.png */; };
		0550137120C3F40B009EFFDE /* Eagle2.png in Resources */ = {isa = PBXBuildFile; fileRef = 0550133420C3F40B009EFFDE /* Eagle2.png */; };
		0550137220C3F40B009EFFDE /* Eagle3.png in Resources */ = {isa = PBXBuildFile; fileRef = 0550133520C3F40B009EFFDE /* Eagle3.png */; };
		0550137320C3F40B009EFFDE /* EagleDive.png in Resources */ = {isa = PBXBuildFile; fileRef = 0550133620C3F40B009EFFDE /* EagleDive.png */; };
		0550137420C3F40B009EFFDE /* EagleRise.png in Resources */ = {isa = PBXBuildFile; fileRef = 0550133720C3F40B009EFFDE /* EagleRise.png */; };
		0550137520C3F40B009EFFDE /* EagleRise2.png in Resources */ = {isa = PBXBuildFile; fileRef = 0550133820C3F40B009EFFDE /* EagleRise2.png */; };
		0550137620C3F40B009EFFDE /* EagleTree.png in Resources */ = {isa = PBXBuildFile; fileRef = 0550133920C3F40B009EFFDE /* EagleTree.png */; };
		0550137720C3F40B009EFFDE /* ENDChamp.png in Resources */ = {isa = PBXBuildFile; fileRef = 0550133A20C3F40B009EFFDE /* ENDChamp.png */; };
		0550137820C3F40B009EFFDE /* ENDfish.png in Resources */ = {isa = PBXBuildFile; fileRef = 0550133B20C3F40B009EFFDE /* ENDfish.png */; };
		0550137920C3F40B009EFFDE /* FFish.png in Resources */ = {isa = PBXBuildFile; fileRef = 0550133C20C3F40B009EFFDE /* FFish.png */; };
		0550137A20C3F40B009EFFDE /* Fishing.png in Resources */ = {isa = PBXBuildFile; fileRef = 0550133D20C3F40B009EFFDE /* Fishing.png */; };
		0550137B20C3F40B009EFFDE /* Fishing_0Pole.png in Resources */ = {isa = PBXBuildFile; fileRef = 0550133E20C3F40B009EFFDE /* Fishing_0Pole.png */; };
		0550137C20C3F40B009EFFDE /* Flash.png in Resources */ = {isa = PBXBuildFile; fileRef = 0550133F20C3F40B009EFFDE /* Flash.png */; };
		0550137D20C3F40B009EFFDE /* FlyHook.png in Resources */ = {isa = PBXBuildFile; fileRef = 0550134020C3F40B009EFFDE /* FlyHook.png */; };
		0550137E20C3F40B009EFFDE /* ForegroundTrees.png in Resources */ = {isa = PBXBuildFile; fileRef = 0550134120C3F40B009EFFDE /* ForegroundTrees.png */; };
		0550137F20C3F40B009EFFDE /* Fsplash.png in Resources */ = {isa = PBXBuildFile; fileRef = 0550134220C3F40B009EFFDE /* Fsplash.png */; };
		0550138020C3F40B009EFFDE /* FSplash2.png in Resources */ = {isa = PBXBuildFile; fileRef = 0550134320C3F40B009EFFDE /* FSplash2.png */; };
		0550138120C3F40B009EFFDE /* Grass.png in Resources */ = {isa = PBXBuildFile; fileRef = 0550134420C3F40B009EFFDE /* Grass.png */; };
		0550138220C3F40B009EFFDE /* mayfly.png in Resources */ = {isa = PBXBuildFile; fileRef = 0550134520C3F40B009EFFDE /* mayfly.png */; };
		0550138320C3F40B009EFFDE /* Mountain.png in Resources */ = {isa = PBXBuildFile; fileRef = 0550134620C3F40B009EFFDE /* Mountain.png */; };
		0550138420C3F40B009EFFDE /* net.png in Resources */ = {isa = PBXBuildFile; fileRef = 0550134720C3F40B009EFFDE /* net.png */; };
		0550138520C3F40B009EFFDE /* NetBack.png in Resources */ = {isa = PBXBuildFile; fileRef = 0550134820C3F40B009EFFDE /* NetBack.png */; };
		0550138620C3F40B009EFFDE /* Otter.png in Resources */ = {isa = PBXBuildFile; fileRef = 0550134920C3F40B009EFFDE /* Otter.png */; };
		0550138720C3F40B009EFFDE /* Ray1.png in Resources */ = {isa = PBXBuildFile; fileRef = 0550134A20C3F40B009EFFDE /* Ray1.png */; };
		0550138820C3F40B009EFFDE /* Ray2.png in Resources */ = {isa = PBXBuildFile; fileRef = 0550134B20C3F40B009EFFDE /* Ray2.png */; };
		0550138920C3F40B009EFFDE /* Sky.png in Resources */ = {isa = PBXBuildFile; fileRef = 0550134C20C3F40B009EFFDE /* Sky.png */; };
		0550138A20C3F40B009EFFDE /* Sun.png in Resources */ = {isa = PBXBuildFile; fileRef = 0550134D20C3F40B009EFFDE /* Sun.png */; };
		0550138B20C3F40B009EFFDE /* surprisebody.png in Resources */ = {isa = PBXBuildFile; fileRef = 0550134E20C3F40B009EFFDE /* surprisebody.png */; };
		0550138C20C3F40B009EFFDE /* surprisehead.png in Resources */ = {isa = PBXBuildFile; fileRef = 0550134F20C3F40B009EFFDE /* surprisehead.png */; };
		0550138D20C3F40B009EFFDE /* t1.png in Resources */ = {isa = PBXBuildFile; fileRef = 0550135020C3F40B009EFFDE /* t1.png */; };
		0550138E20C3F40B009EFFDE /* t2.png in Resources */ = {isa = PBXBuildFile; fileRef = 0550135120C3F40B009EFFDE /* t2.png */; };
		0550138F20C3F40B009EFFDE /* t3.png in Resources */ = {isa = PBXBuildFile; fileRef = 0550135220C3F40B009EFFDE /* t3.png */; };
		0550139020C3F40B009EFFDE /* t4.png in Resources */ = {isa = PBXBuildFile; fileRef = 0550135320C3F40B009EFFDE /* t4.png */; };
		0550139120C3F40B009EFFDE /* t5.png in Resources */ = {isa = PBXBuildFile; fileRef = 0550135420C3F40B009EFFDE /* t5.png */; };
		0550139220C3F40B009EFFDE /* t6.png in Resources */ = {isa = PBXBuildFile; fileRef = 0550135520C3F40B009EFFDE /* t6.png */; };
		0550139320C3F40B009EFFDE /* transition.png in Resources */ = {isa = PBXBuildFile; fileRef = 0550135620C3F40B009EFFDE /* transition.png */; };
		0550139420C3F40B009EFFDE /* WalkForest.png in Resources */ = {isa = PBXBuildFile; fileRef = 0550135720C3F40B009EFFDE /* WalkForest.png */; };
		0550139520C3F40B009EFFDE /* Water.png in Resources */ = {isa = PBXBuildFile; fileRef = 0550135820C3F40B009EFFDE /* Water.png */; };
		0550139620C3F40B009EFFDE /* WaterBack.png in Resources */ = {isa = PBXBuildFile; fileRef = 0550135920C3F40B009EFFDE /* WaterBack.png */; };
		0550139720C3F40B009EFFDE /* WaterBubbles.png in Resources */ = {isa = PBXBuildFile; fileRef = 0550135A20C3F40B009EFFDE /* WaterBubbles.png */; };
		0550139820C3F40B009EFFDE /* WaterFish.png in Resources */ = {isa = PBXBuildFile; fileRef = 0550135B20C3F40B009EFFDE /* WaterFish.png */; };
		0550139920C3F40B009EFFDE /* WBody.png in Resources */ = {isa = PBXBuildFile; fileRef = 0550135C20C3F40B009EFFDE /* WBody.png */; };
		0550139A20C3F40B009EFFDE /* WHead.png in Resources */ = {isa = PBXBuildFile; fileRef = 0550135D20C3F40B009EFFDE /* WHead.png */; };
		0550139B20C3F40B009EFFDE /* Wheel1.png in Resources */ = {isa = PBXBuildFile; fileRef = 0550135E20C3F40B009EFFDE /* Wheel1.png */; };
		0550139C20C3F40B009EFFDE /* Wheel2.png in Resources */ = {isa = PBXBuildFile; fileRef = 0550135F20C3F40B009EFFDE /* Wheel2.png */; };
		0550139D20C3F40B009EFFDE /* WheelWell.png in Resources */ = {isa = PBXBuildFile; fileRef = 0550136020C3F40B009EFFDE /* WheelWell.png */; };
		0550139E20C3F40B009EFFDE /* Story1_1.json in Resources */ = {isa = PBXBuildFile; fileRef = 0550136120C3F40B009EFFDE /* Story1_1.json */; };
		057EC1132056A12200A4F20C /* Lottie.framework in Frameworks */ = {isa = PBXBuildFile; fileRef = 057EC1142056A12200A4F20C /* Lottie.framework */; };
		0583BCB821382C4500E4A810 /* StringExt.swift in Sources */ = {isa = PBXBuildFile; fileRef = 0583BCB621382C4500E4A810 /* StringExt.swift */; };
		0583BCB921382C4500E4A810 /* StringMetric.swift in Sources */ = {isa = PBXBuildFile; fileRef = 0583BCB721382C4500E4A810 /* StringMetric.swift */; };
		05C15DDE202B501E00831635 /* StoreKit.framework in Frameworks */ = {isa = PBXBuildFile; fileRef = 05C15DDD202B501E00831635 /* StoreKit.framework */; };
		05E885C4202214150073DE52 /* CompleteViewController.swift in Sources */ = {isa = PBXBuildFile; fileRef = 05E885C3202214150073DE52 /* CompleteViewController.swift */; };
		C3616B811FE2E52900EECBD7 /* AppDelegate.swift in Sources */ = {isa = PBXBuildFile; fileRef = C3616B801FE2E52900EECBD7 /* AppDelegate.swift */; };
		C3616B941FE2E7C200EECBD7 /* BaseViewController.swift in Sources */ = {isa = PBXBuildFile; fileRef = C3616B931FE2E7C200EECBD7 /* BaseViewController.swift */; };
		C3616BA21FE2ECD900EECBD7 /* GroupViewController.swift in Sources */ = {isa = PBXBuildFile; fileRef = C3616BA11FE2ECD900EECBD7 /* GroupViewController.swift */; };
		C3616BA41FE2ED1600EECBD7 /* StoreViewController.swift in Sources */ = {isa = PBXBuildFile; fileRef = C3616BA31FE2ED1600EECBD7 /* StoreViewController.swift */; };
		C3616BA61FE2F6C900EECBD7 /* IconViewController.swift in Sources */ = {isa = PBXBuildFile; fileRef = C3616BA51FE2F6C900EECBD7 /* IconViewController.swift */; };
		C3616BA81FE2F6D200EECBD7 /* ThemeViewController.swift in Sources */ = {isa = PBXBuildFile; fileRef = C3616BA71FE2F6D200EECBD7 /* ThemeViewController.swift */; };
		C3616BAA1FE2F6D800EECBD7 /* MusicViewController.swift in Sources */ = {isa = PBXBuildFile; fileRef = C3616BA91FE2F6D800EECBD7 /* MusicViewController.swift */; };
		C3616BAC1FE2F94200EECBD7 /* GoogleService-Info.plist in Resources */ = {isa = PBXBuildFile; fileRef = C3616BAB1FE2F94200EECBD7 /* GoogleService-Info.plist */; };
		C3616BB11FE2FC2800EECBD7 /* Firebase.swift in Sources */ = {isa = PBXBuildFile; fileRef = C3616BB01FE2FC2800EECBD7 /* Firebase.swift */; };
		C3616BB31FE3028700EECBD7 /* Icon.swift in Sources */ = {isa = PBXBuildFile; fileRef = C3616BB21FE3028700EECBD7 /* Icon.swift */; };
		C3616BB51FE3052C00EECBD7 /* Theme.swift in Sources */ = {isa = PBXBuildFile; fileRef = C3616BB41FE3052C00EECBD7 /* Theme.swift */; };
		C3616BB71FE3053300EECBD7 /* Music.swift in Sources */ = {isa = PBXBuildFile; fileRef = C3616BB61FE3053300EECBD7 /* Music.swift */; };
		C3616BB91FE4208A00EECBD7 /* SpeechRecognizer.swift in Sources */ = {isa = PBXBuildFile; fileRef = C3616BB81FE4208A00EECBD7 /* SpeechRecognizer.swift */; };
		C3616BBF1FE42E1A00EECBD7 /* Library.swift in Sources */ = {isa = PBXBuildFile; fileRef = C3616BBE1FE42E1A00EECBD7 /* Library.swift */; };
		C3616BC31FE4598200EECBD7 /* IconCell.swift in Sources */ = {isa = PBXBuildFile; fileRef = C3616BC21FE4598200EECBD7 /* IconCell.swift */; };
		C3BBFD3E1FE96BAD00CBACA7 /* HomeViewController.swift in Sources */ = {isa = PBXBuildFile; fileRef = C3BBFD3D1FE96BAD00CBACA7 /* HomeViewController.swift */; };
		C3BBFD411FE96D5300CBACA7 /* LibraryViewController.swift in Sources */ = {isa = PBXBuildFile; fileRef = C3BBFD401FE96D5300CBACA7 /* LibraryViewController.swift */; };
		C3BBFD431FE96EF800CBACA7 /* PreviewViewController.swift in Sources */ = {isa = PBXBuildFile; fileRef = C3BBFD421FE96EF800CBACA7 /* PreviewViewController.swift */; };
		C3BBFD451FE96FDE00CBACA7 /* ExperienceViewController.swift in Sources */ = {isa = PBXBuildFile; fileRef = C3BBFD441FE96FDE00CBACA7 /* ExperienceViewController.swift */; };
		C3BBFD481FEAD0DD00CBACA7 /* SettingsViewController.swift in Sources */ = {isa = PBXBuildFile; fileRef = C3BBFD471FEAD0DD00CBACA7 /* SettingsViewController.swift */; };
		E697AF187E00F7F0D9349C36 /* Pods_StoryTime.framework in Frameworks */ = {isa = PBXBuildFile; fileRef = AE2528B1FA1036B4ED133F41 /* Pods_StoryTime.framework */; };
		EC4F5D721FEBF05D00898C2B /* StoryCVCell.swift in Sources */ = {isa = PBXBuildFile; fileRef = EC4F5D711FEBF05D00898C2B /* StoryCVCell.swift */; };
		EC7832281FECE37400E092AF /* StoryTVCell.swift in Sources */ = {isa = PBXBuildFile; fileRef = EC7832271FECE37400E092AF /* StoryTVCell.swift */; };
		ECEBE6181FE81E3000A47878 /* GameCenter.swift in Sources */ = {isa = PBXBuildFile; fileRef = ECEBE6171FE81E3000A47878 /* GameCenter.swift */; };
/* End PBXBuildFile section */

/* Begin PBXFileReference section */
		050E5B2B219C491200DE8BE7 /* Assets.xcassets */ = {isa = PBXFileReference; lastKnownFileType = folder.assetcatalog; path = Assets.xcassets; sourceTree = "<group>"; };
		050E5B2D219C4C5000DE8BE7 /* Main.storyboard */ = {isa = PBXFileReference; fileEncoding = 4; lastKnownFileType = file.storyboard; path = Main.storyboard; sourceTree = "<group>"; };
		050E5B2E219C4C5000DE8BE7 /* LaunchScreen.storyboard */ = {isa = PBXFileReference; fileEncoding = 4; lastKnownFileType = file.storyboard; path = LaunchScreen.storyboard; sourceTree = "<group>"; };
		050E5B31219C501500DE8BE7 /* CustomOverlay.xib */ = {isa = PBXFileReference; fileEncoding = 4; lastKnownFileType = file.xib; path = CustomOverlay.xib; sourceTree = "<group>"; };
		050E5B32219C501500DE8BE7 /* CustomOverlay.swift */ = {isa = PBXFileReference; fileEncoding = 4; lastKnownFileType = sourcecode.swift; path = CustomOverlay.swift; sourceTree = "<group>"; };
		050E5B33219C501500DE8BE7 /* CustomPage.xib */ = {isa = PBXFileReference; fileEncoding = 4; lastKnownFileType = file.xib; path = CustomPage.xib; sourceTree = "<group>"; };
		050E5B34219C501500DE8BE7 /* CustomPage.swift */ = {isa = PBXFileReference; fileEncoding = 4; lastKnownFileType = sourcecode.swift; path = CustomPage.swift; sourceTree = "<group>"; };
		050E5B39219C503300DE8BE7 /* HelpVC.swift */ = {isa = PBXFileReference; lastKnownFileType = sourcecode.swift; path = HelpVC.swift; sourceTree = "<group>"; };
		052797C021403AA600BB32A7 /* Global.swift */ = {isa = PBXFileReference; lastKnownFileType = sourcecode.swift; path = Global.swift; sourceTree = "<group>"; };
		054B4D18201C82D200C23E6A /* WaveformView.swift */ = {isa = PBXFileReference; fileEncoding = 4; lastKnownFileType = sourcecode.swift; path = WaveformView.swift; sourceTree = "<group>"; };
		0550132520C3F40B009EFFDE /* BGSky.png */ = {isa = PBXFileReference; lastKnownFileType = image.png; path = BGSky.png; sourceTree = "<group>"; };
		0550132620C3F40B009EFFDE /* BGTrees.png */ = {isa = PBXFileReference; lastKnownFileType = image.png; path = BGTrees.png; sourceTree = "<group>"; };
		0550132720C3F40B009EFFDE /* BGTrees_4.png */ = {isa = PBXFileReference; lastKnownFileType = image.png; path = BGTrees_4.png; sourceTree = "<group>"; };
		0550132820C3F40B009EFFDE /* blanket.png */ = {isa = PBXFileReference; lastKnownFileType = image.png; path = blanket.png; sourceTree = "<group>"; };
		0550132920C3F40B009EFFDE /* Bus.png */ = {isa = PBXFileReference; lastKnownFileType = image.png; path = Bus.png; sourceTree = "<group>"; };
		0550132A20C3F40B009EFFDE /* Bus_3Shadow.png */ = {isa = PBXFileReference; lastKnownFileType = image.png; path = Bus_3Shadow.png; sourceTree = "<group>"; };
		0550132B20C3F40B009EFFDE /* Bushes.png */ = {isa = PBXFileReference; lastKnownFileType = image.png; path = Bushes.png; sourceTree = "<group>"; };
		0550132C20C3F40B009EFFDE /* CaughtFish.png */ = {isa = PBXFileReference; lastKnownFileType = image.png; path = CaughtFish.png; sourceTree = "<group>"; };
		0550132D20C3F40B009EFFDE /* Cloud1.png */ = {isa = PBXFileReference; lastKnownFileType = image.png; path = Cloud1.png; sourceTree = "<group>"; };
		0550132E20C3F40B009EFFDE /* Cloud2.png */ = {isa = PBXFileReference; lastKnownFileType = image.png; path = Cloud2.png; sourceTree = "<group>"; };
		0550132F20C3F40B009EFFDE /* door.png */ = {isa = PBXFileReference; lastKnownFileType = image.png; path = door.png; sourceTree = "<group>"; };
		0550133020C3F40B009EFFDE /* door_1_champ.png */ = {isa = PBXFileReference; lastKnownFileType = image.png; path = door_1_champ.png; sourceTree = "<group>"; };
		0550133120C3F40B009EFFDE /* door_2inside.png */ = {isa = PBXFileReference; lastKnownFileType = image.png; path = door_2inside.png; sourceTree = "<group>"; };
		0550133220C3F40B009EFFDE /* Dream.png */ = {isa = PBXFileReference; lastKnownFileType = image.png; path = Dream.png; sourceTree = "<group>"; };
		0550133320C3F40B009EFFDE /* Eagle1.png */ = {isa = PBXFileReference; lastKnownFileType = image.png; path = Eagle1.png; sourceTree = "<group>"; };
		0550133420C3F40B009EFFDE /* Eagle2.png */ = {isa = PBXFileReference; lastKnownFileType = image.png; path = Eagle2.png; sourceTree = "<group>"; };
		0550133520C3F40B009EFFDE /* Eagle3.png */ = {isa = PBXFileReference; lastKnownFileType = image.png; path = Eagle3.png; sourceTree = "<group>"; };
		0550133620C3F40B009EFFDE /* EagleDive.png */ = {isa = PBXFileReference; lastKnownFileType = image.png; path = EagleDive.png; sourceTree = "<group>"; };
		0550133720C3F40B009EFFDE /* EagleRise.png */ = {isa = PBXFileReference; lastKnownFileType = image.png; path = EagleRise.png; sourceTree = "<group>"; };
		0550133820C3F40B009EFFDE /* EagleRise2.png */ = {isa = PBXFileReference; lastKnownFileType = image.png; path = EagleRise2.png; sourceTree = "<group>"; };
		0550133920C3F40B009EFFDE /* EagleTree.png */ = {isa = PBXFileReference; lastKnownFileType = image.png; path = EagleTree.png; sourceTree = "<group>"; };
		0550133A20C3F40B009EFFDE /* ENDChamp.png */ = {isa = PBXFileReference; lastKnownFileType = image.png; path = ENDChamp.png; sourceTree = "<group>"; };
		0550133B20C3F40B009EFFDE /* ENDfish.png */ = {isa = PBXFileReference; lastKnownFileType = image.png; path = ENDfish.png; sourceTree = "<group>"; };
		0550133C20C3F40B009EFFDE /* FFish.png */ = {isa = PBXFileReference; lastKnownFileType = image.png; path = FFish.png; sourceTree = "<group>"; };
		0550133D20C3F40B009EFFDE /* Fishing.png */ = {isa = PBXFileReference; lastKnownFileType = image.png; path = Fishing.png; sourceTree = "<group>"; };
		0550133E20C3F40B009EFFDE /* Fishing_0Pole.png */ = {isa = PBXFileReference; lastKnownFileType = image.png; path = Fishing_0Pole.png; sourceTree = "<group>"; };
		0550133F20C3F40B009EFFDE /* Flash.png */ = {isa = PBXFileReference; lastKnownFileType = image.png; path = Flash.png; sourceTree = "<group>"; };
		0550134020C3F40B009EFFDE /* FlyHook.png */ = {isa = PBXFileReference; lastKnownFileType = image.png; path = FlyHook.png; sourceTree = "<group>"; };
		0550134120C3F40B009EFFDE /* ForegroundTrees.png */ = {isa = PBXFileReference; lastKnownFileType = image.png; path = ForegroundTrees.png; sourceTree = "<group>"; };
		0550134220C3F40B009EFFDE /* Fsplash.png */ = {isa = PBXFileReference; lastKnownFileType = image.png; path = Fsplash.png; sourceTree = "<group>"; };
		0550134320C3F40B009EFFDE /* FSplash2.png */ = {isa = PBXFileReference; lastKnownFileType = image.png; path = FSplash2.png; sourceTree = "<group>"; };
		0550134420C3F40B009EFFDE /* Grass.png */ = {isa = PBXFileReference; lastKnownFileType = image.png; path = Grass.png; sourceTree = "<group>"; };
		0550134520C3F40B009EFFDE /* mayfly.png */ = {isa = PBXFileReference; lastKnownFileType = image.png; path = mayfly.png; sourceTree = "<group>"; };
		0550134620C3F40B009EFFDE /* Mountain.png */ = {isa = PBXFileReference; lastKnownFileType = image.png; path = Mountain.png; sourceTree = "<group>"; };
		0550134720C3F40B009EFFDE /* net.png */ = {isa = PBXFileReference; lastKnownFileType = image.png; path = net.png; sourceTree = "<group>"; };
		0550134820C3F40B009EFFDE /* NetBack.png */ = {isa = PBXFileReference; lastKnownFileType = image.png; path = NetBack.png; sourceTree = "<group>"; };
		0550134920C3F40B009EFFDE /* Otter.png */ = {isa = PBXFileReference; lastKnownFileType = image.png; path = Otter.png; sourceTree = "<group>"; };
		0550134A20C3F40B009EFFDE /* Ray1.png */ = {isa = PBXFileReference; lastKnownFileType = image.png; path = Ray1.png; sourceTree = "<group>"; };
		0550134B20C3F40B009EFFDE /* Ray2.png */ = {isa = PBXFileReference; lastKnownFileType = image.png; path = Ray2.png; sourceTree = "<group>"; };
		0550134C20C3F40B009EFFDE /* Sky.png */ = {isa = PBXFileReference; lastKnownFileType = image.png; path = Sky.png; sourceTree = "<group>"; };
		0550134D20C3F40B009EFFDE /* Sun.png */ = {isa = PBXFileReference; lastKnownFileType = image.png; path = Sun.png; sourceTree = "<group>"; };
		0550134E20C3F40B009EFFDE /* surprisebody.png */ = {isa = PBXFileReference; lastKnownFileType = image.png; path = surprisebody.png; sourceTree = "<group>"; };
		0550134F20C3F40B009EFFDE /* surprisehead.png */ = {isa = PBXFileReference; lastKnownFileType = image.png; path = surprisehead.png; sourceTree = "<group>"; };
		0550135020C3F40B009EFFDE /* t1.png */ = {isa = PBXFileReference; lastKnownFileType = image.png; path = t1.png; sourceTree = "<group>"; };
		0550135120C3F40B009EFFDE /* t2.png */ = {isa = PBXFileReference; lastKnownFileType = image.png; path = t2.png; sourceTree = "<group>"; };
		0550135220C3F40B009EFFDE /* t3.png */ = {isa = PBXFileReference; lastKnownFileType = image.png; path = t3.png; sourceTree = "<group>"; };
		0550135320C3F40B009EFFDE /* t4.png */ = {isa = PBXFileReference; lastKnownFileType = image.png; path = t4.png; sourceTree = "<group>"; };
		0550135420C3F40B009EFFDE /* t5.png */ = {isa = PBXFileReference; lastKnownFileType = image.png; path = t5.png; sourceTree = "<group>"; };
		0550135520C3F40B009EFFDE /* t6.png */ = {isa = PBXFileReference; lastKnownFileType = image.png; path = t6.png; sourceTree = "<group>"; };
		0550135620C3F40B009EFFDE /* transition.png */ = {isa = PBXFileReference; lastKnownFileType = image.png; path = transition.png; sourceTree = "<group>"; };
		0550135720C3F40B009EFFDE /* WalkForest.png */ = {isa = PBXFileReference; lastKnownFileType = image.png; path = WalkForest.png; sourceTree = "<group>"; };
		0550135820C3F40B009EFFDE /* Water.png */ = {isa = PBXFileReference; lastKnownFileType = image.png; path = Water.png; sourceTree = "<group>"; };
		0550135920C3F40B009EFFDE /* WaterBack.png */ = {isa = PBXFileReference; lastKnownFileType = image.png; path = WaterBack.png; sourceTree = "<group>"; };
		0550135A20C3F40B009EFFDE /* WaterBubbles.png */ = {isa = PBXFileReference; lastKnownFileType = image.png; path = WaterBubbles.png; sourceTree = "<group>"; };
		0550135B20C3F40B009EFFDE /* WaterFish.png */ = {isa = PBXFileReference; lastKnownFileType = image.png; path = WaterFish.png; sourceTree = "<group>"; };
		0550135C20C3F40B009EFFDE /* WBody.png */ = {isa = PBXFileReference; lastKnownFileType = image.png; path = WBody.png; sourceTree = "<group>"; };
		0550135D20C3F40B009EFFDE /* WHead.png */ = {isa = PBXFileReference; lastKnownFileType = image.png; path = WHead.png; sourceTree = "<group>"; };
		0550135E20C3F40B009EFFDE /* Wheel1.png */ = {isa = PBXFileReference; lastKnownFileType = image.png; path = Wheel1.png; sourceTree = "<group>"; };
		0550135F20C3F40B009EFFDE /* Wheel2.png */ = {isa = PBXFileReference; lastKnownFileType = image.png; path = Wheel2.png; sourceTree = "<group>"; };
		0550136020C3F40B009EFFDE /* WheelWell.png */ = {isa = PBXFileReference; lastKnownFileType = image.png; path = WheelWell.png; sourceTree = "<group>"; };
		0550136120C3F40B009EFFDE /* Story1_1.json */ = {isa = PBXFileReference; fileEncoding = 4; lastKnownFileType = text.json; path = Story1_1.json; sourceTree = "<group>"; };
		057EC1142056A12200A4F20C /* Lottie.framework */ = {isa = PBXFileReference; explicitFileType = wrapper.framework; path = Lottie.framework; sourceTree = BUILT_PRODUCTS_DIR; };
		0583BCB621382C4500E4A810 /* StringExt.swift */ = {isa = PBXFileReference; fileEncoding = 4; lastKnownFileType = sourcecode.swift; path = StringExt.swift; sourceTree = "<group>"; };
		0583BCB721382C4500E4A810 /* StringMetric.swift */ = {isa = PBXFileReference; fileEncoding = 4; lastKnownFileType = sourcecode.swift; path = StringMetric.swift; sourceTree = "<group>"; };
		05C15DDD202B501E00831635 /* StoreKit.framework */ = {isa = PBXFileReference; lastKnownFileType = wrapper.framework; name = StoreKit.framework; path = System/Library/Frameworks/StoreKit.framework; sourceTree = SDKROOT; };
		05E885C3202214150073DE52 /* CompleteViewController.swift */ = {isa = PBXFileReference; lastKnownFileType = sourcecode.swift; path = CompleteViewController.swift; sourceTree = "<group>"; };
		AE2528B1FA1036B4ED133F41 /* Pods_StoryTime.framework */ = {isa = PBXFileReference; explicitFileType = wrapper.framework; includeInIndex = 0; path = Pods_StoryTime.framework; sourceTree = BUILT_PRODUCTS_DIR; };
		AE87EE5191B24F22AA9AC346 /* Pods-StoryTime.release.xcconfig */ = {isa = PBXFileReference; includeInIndex = 1; lastKnownFileType = text.xcconfig; name = "Pods-StoryTime.release.xcconfig"; path = "Pods/Target Support Files/Pods-StoryTime/Pods-StoryTime.release.xcconfig"; sourceTree = "<group>"; };
		B9B97089D4F24B29DEF17B0E /* Pods-StoryTime.debug.xcconfig */ = {isa = PBXFileReference; includeInIndex = 1; lastKnownFileType = text.xcconfig; name = "Pods-StoryTime.debug.xcconfig"; path = "Pods/Target Support Files/Pods-StoryTime/Pods-StoryTime.debug.xcconfig"; sourceTree = "<group>"; };
		C3616B7D1FE2E52900EECBD7 /* StoryTime.app */ = {isa = PBXFileReference; explicitFileType = wrapper.application; includeInIndex = 0; path = StoryTime.app; sourceTree = BUILT_PRODUCTS_DIR; };
		C3616B801FE2E52900EECBD7 /* AppDelegate.swift */ = {isa = PBXFileReference; lastKnownFileType = sourcecode.swift; path = AppDelegate.swift; sourceTree = "<group>"; };
		C3616B8C1FE2E52900EECBD7 /* Info.plist */ = {isa = PBXFileReference; lastKnownFileType = text.plist.xml; path = Info.plist; sourceTree = "<group>"; };
		C3616B931FE2E7C200EECBD7 /* BaseViewController.swift */ = {isa = PBXFileReference; lastKnownFileType = sourcecode.swift; path = BaseViewController.swift; sourceTree = "<group>"; };
		C3616BA11FE2ECD900EECBD7 /* GroupViewController.swift */ = {isa = PBXFileReference; lastKnownFileType = sourcecode.swift; path = GroupViewController.swift; sourceTree = "<group>"; };
		C3616BA31FE2ED1600EECBD7 /* StoreViewController.swift */ = {isa = PBXFileReference; lastKnownFileType = sourcecode.swift; path = StoreViewController.swift; sourceTree = "<group>"; };
		C3616BA51FE2F6C900EECBD7 /* IconViewController.swift */ = {isa = PBXFileReference; lastKnownFileType = sourcecode.swift; path = IconViewController.swift; sourceTree = "<group>"; };
		C3616BA71FE2F6D200EECBD7 /* ThemeViewController.swift */ = {isa = PBXFileReference; lastKnownFileType = sourcecode.swift; path = ThemeViewController.swift; sourceTree = "<group>"; };
		C3616BA91FE2F6D800EECBD7 /* MusicViewController.swift */ = {isa = PBXFileReference; lastKnownFileType = sourcecode.swift; path = MusicViewController.swift; sourceTree = "<group>"; };
		C3616BAB1FE2F94200EECBD7 /* GoogleService-Info.plist */ = {isa = PBXFileReference; fileEncoding = 4; lastKnownFileType = text.plist.xml; path = "GoogleService-Info.plist"; sourceTree = "<group>"; };
		C3616BB01FE2FC2800EECBD7 /* Firebase.swift */ = {isa = PBXFileReference; lastKnownFileType = sourcecode.swift; path = Firebase.swift; sourceTree = "<group>"; };
		C3616BB21FE3028700EECBD7 /* Icon.swift */ = {isa = PBXFileReference; lastKnownFileType = sourcecode.swift; path = Icon.swift; sourceTree = "<group>"; };
		C3616BB41FE3052C00EECBD7 /* Theme.swift */ = {isa = PBXFileReference; lastKnownFileType = sourcecode.swift; path = Theme.swift; sourceTree = "<group>"; };
		C3616BB61FE3053300EECBD7 /* Music.swift */ = {isa = PBXFileReference; lastKnownFileType = sourcecode.swift; path = Music.swift; sourceTree = "<group>"; };
		C3616BB81FE4208A00EECBD7 /* SpeechRecognizer.swift */ = {isa = PBXFileReference; lastKnownFileType = sourcecode.swift; path = SpeechRecognizer.swift; sourceTree = "<group>"; };
		C3616BBE1FE42E1A00EECBD7 /* Library.swift */ = {isa = PBXFileReference; lastKnownFileType = sourcecode.swift; path = Library.swift; sourceTree = "<group>"; };
		C3616BC21FE4598200EECBD7 /* IconCell.swift */ = {isa = PBXFileReference; lastKnownFileType = sourcecode.swift; path = IconCell.swift; sourceTree = "<group>"; };
		C3BBFD3D1FE96BAD00CBACA7 /* HomeViewController.swift */ = {isa = PBXFileReference; lastKnownFileType = sourcecode.swift; path = HomeViewController.swift; sourceTree = "<group>"; };
		C3BBFD401FE96D5300CBACA7 /* LibraryViewController.swift */ = {isa = PBXFileReference; lastKnownFileType = sourcecode.swift; path = LibraryViewController.swift; sourceTree = "<group>"; };
		C3BBFD421FE96EF800CBACA7 /* PreviewViewController.swift */ = {isa = PBXFileReference; lastKnownFileType = sourcecode.swift; path = PreviewViewController.swift; sourceTree = "<group>"; };
		C3BBFD441FE96FDE00CBACA7 /* ExperienceViewController.swift */ = {isa = PBXFileReference; lastKnownFileType = sourcecode.swift; path = ExperienceViewController.swift; sourceTree = "<group>"; };
		C3BBFD471FEAD0DD00CBACA7 /* SettingsViewController.swift */ = {isa = PBXFileReference; lastKnownFileType = sourcecode.swift; path = SettingsViewController.swift; sourceTree = "<group>"; };
		EC4F5D711FEBF05D00898C2B /* StoryCVCell.swift */ = {isa = PBXFileReference; lastKnownFileType = sourcecode.swift; path = StoryCVCell.swift; sourceTree = "<group>"; };
		EC7832271FECE37400E092AF /* StoryTVCell.swift */ = {isa = PBXFileReference; fileEncoding = 4; lastKnownFileType = sourcecode.swift; path = StoryTVCell.swift; sourceTree = "<group>"; };
		ECEBE6171FE81E3000A47878 /* GameCenter.swift */ = {isa = PBXFileReference; lastKnownFileType = sourcecode.swift; path = GameCenter.swift; sourceTree = "<group>"; };
/* End PBXFileReference section */

/* Begin PBXFrameworksBuildPhase section */
		C3616B7A1FE2E52900EECBD7 /* Frameworks */ = {
			isa = PBXFrameworksBuildPhase;
			buildActionMask = 2147483647;
			files = (
				057EC1132056A12200A4F20C /* Lottie.framework in Frameworks */,
				E697AF187E00F7F0D9349C36 /* Pods_StoryTime.framework in Frameworks */,
				05C15DDE202B501E00831635 /* StoreKit.framework in Frameworks */,
			);
			runOnlyForDeploymentPostprocessing = 0;
		};
/* End PBXFrameworksBuildPhase section */

/* Begin PBXGroup section */
		0550132320C3F40B009EFFDE /* Story1_1 */ = {
			isa = PBXGroup;
			children = (
				0550132420C3F40B009EFFDE /* images */,
				0550136120C3F40B009EFFDE /* Story1_1.json */,
			);
			path = Story1_1;
			sourceTree = "<group>";
		};
		0550132420C3F40B009EFFDE /* images */ = {
			isa = PBXGroup;
			children = (
				0550132520C3F40B009EFFDE /* BGSky.png */,
				0550132620C3F40B009EFFDE /* BGTrees.png */,
				0550132720C3F40B009EFFDE /* BGTrees_4.png */,
				0550132820C3F40B009EFFDE /* blanket.png */,
				0550132920C3F40B009EFFDE /* Bus.png */,
				0550132A20C3F40B009EFFDE /* Bus_3Shadow.png */,
				0550132B20C3F40B009EFFDE /* Bushes.png */,
				0550132C20C3F40B009EFFDE /* CaughtFish.png */,
				0550132D20C3F40B009EFFDE /* Cloud1.png */,
				0550132E20C3F40B009EFFDE /* Cloud2.png */,
				0550132F20C3F40B009EFFDE /* door.png */,
				0550133020C3F40B009EFFDE /* door_1_champ.png */,
				0550133120C3F40B009EFFDE /* door_2inside.png */,
				0550133220C3F40B009EFFDE /* Dream.png */,
				0550133320C3F40B009EFFDE /* Eagle1.png */,
				0550133420C3F40B009EFFDE /* Eagle2.png */,
				0550133520C3F40B009EFFDE /* Eagle3.png */,
				0550133620C3F40B009EFFDE /* EagleDive.png */,
				0550133720C3F40B009EFFDE /* EagleRise.png */,
				0550133820C3F40B009EFFDE /* EagleRise2.png */,
				0550133920C3F40B009EFFDE /* EagleTree.png */,
				0550133A20C3F40B009EFFDE /* ENDChamp.png */,
				0550133B20C3F40B009EFFDE /* ENDfish.png */,
				0550133C20C3F40B009EFFDE /* FFish.png */,
				0550133D20C3F40B009EFFDE /* Fishing.png */,
				0550133E20C3F40B009EFFDE /* Fishing_0Pole.png */,
				0550133F20C3F40B009EFFDE /* Flash.png */,
				0550134020C3F40B009EFFDE /* FlyHook.png */,
				0550134120C3F40B009EFFDE /* ForegroundTrees.png */,
				0550134220C3F40B009EFFDE /* Fsplash.png */,
				0550134320C3F40B009EFFDE /* FSplash2.png */,
				0550134420C3F40B009EFFDE /* Grass.png */,
				0550134520C3F40B009EFFDE /* mayfly.png */,
				0550134620C3F40B009EFFDE /* Mountain.png */,
				0550134720C3F40B009EFFDE /* net.png */,
				0550134820C3F40B009EFFDE /* NetBack.png */,
				0550134920C3F40B009EFFDE /* Otter.png */,
				0550134A20C3F40B009EFFDE /* Ray1.png */,
				0550134B20C3F40B009EFFDE /* Ray2.png */,
				0550134C20C3F40B009EFFDE /* Sky.png */,
				0550134D20C3F40B009EFFDE /* Sun.png */,
				0550134E20C3F40B009EFFDE /* surprisebody.png */,
				0550134F20C3F40B009EFFDE /* surprisehead.png */,
				0550135020C3F40B009EFFDE /* t1.png */,
				0550135120C3F40B009EFFDE /* t2.png */,
				0550135220C3F40B009EFFDE /* t3.png */,
				0550135320C3F40B009EFFDE /* t4.png */,
				0550135420C3F40B009EFFDE /* t5.png */,
				0550135520C3F40B009EFFDE /* t6.png */,
				0550135620C3F40B009EFFDE /* transition.png */,
				0550135720C3F40B009EFFDE /* WalkForest.png */,
				0550135820C3F40B009EFFDE /* Water.png */,
				0550135920C3F40B009EFFDE /* WaterBack.png */,
				0550135A20C3F40B009EFFDE /* WaterBubbles.png */,
				0550135B20C3F40B009EFFDE /* WaterFish.png */,
				0550135C20C3F40B009EFFDE /* WBody.png */,
				0550135D20C3F40B009EFFDE /* WHead.png */,
				0550135E20C3F40B009EFFDE /* Wheel1.png */,
				0550135F20C3F40B009EFFDE /* Wheel2.png */,
				0550136020C3F40B009EFFDE /* WheelWell.png */,
			);
			path = images;
			sourceTree = "<group>";
		};
		057EC0F12056A04E00A4F20C /* Resources */ = {
			isa = PBXGroup;
			children = (
				0550132320C3F40B009EFFDE /* Story1_1 */,
			);
			path = Resources;
			sourceTree = "<group>";
		};
		1FCF10D600A0CD68BF22C525 /* Pods */ = {
			isa = PBXGroup;
			children = (
				B9B97089D4F24B29DEF17B0E /* Pods-StoryTime.debug.xcconfig */,
				AE87EE5191B24F22AA9AC346 /* Pods-StoryTime.release.xcconfig */,
			);
			name = Pods;
			sourceTree = "<group>";
		};
		C3616B741FE2E52800EECBD7 = {
			isa = PBXGroup;
			children = (
				C3616B7F1FE2E52900EECBD7 /* StoryTime */,
				C3616B7E1FE2E52900EECBD7 /* Products */,
				1FCF10D600A0CD68BF22C525 /* Pods */,
				CC68E77FCBAA133C28E733DE /* Frameworks */,
			);
			sourceTree = "<group>";
		};
		C3616B7E1FE2E52900EECBD7 /* Products */ = {
			isa = PBXGroup;
			children = (
				C3616B7D1FE2E52900EECBD7 /* StoryTime.app */,
			);
			name = Products;
			sourceTree = "<group>";
		};
		C3616B7F1FE2E52900EECBD7 /* StoryTime */ = {
			isa = PBXGroup;
			children = (
				C3616BAE1FE2FC0F00EECBD7 /* Shared */,
				C3616BAF1FE2FC0F00EECBD7 /* Model */,
				C3616B921FE2E58300EECBD7 /* Controller */,
				C3616BAD1FE2FC0F00EECBD7 /* View */,
				057EC0F12056A04E00A4F20C /* Resources */,
				C3616B801FE2E52900EECBD7 /* AppDelegate.swift */,
				050E5B2E219C4C5000DE8BE7 /* LaunchScreen.storyboard */,
				050E5B2D219C4C5000DE8BE7 /* Main.storyboard */,
				050E5B2B219C491200DE8BE7 /* Assets.xcassets */,
				C3616B8C1FE2E52900EECBD7 /* Info.plist */,
				C3616BAB1FE2F94200EECBD7 /* GoogleService-Info.plist */,
			);
			path = StoryTime;
			sourceTree = "<group>";
		};
		C3616B921FE2E58300EECBD7 /* Controller */ = {
			isa = PBXGroup;
			children = (
				EC86DDC0201234DD00095CE3 /* Help */,
				C3BBFD3C1FE96BA000CBACA7 /* Home */,
				C3BBFD3F1FE96CA300CBACA7 /* Library */,
				C3BBFD461FEAC8CC00CBACA7 /* Settings */,
				C3616B9A1FE2EAE700EECBD7 /* Group */,
				C3616B991FE2EAE700EECBD7 /* Store */,
				C3616B931FE2E7C200EECBD7 /* BaseViewController.swift */,
			);
			path = Controller;
			sourceTree = "<group>";
		};
		C3616B991FE2EAE700EECBD7 /* Store */ = {
			isa = PBXGroup;
			children = (
				C3616BA31FE2ED1600EECBD7 /* StoreViewController.swift */,
				C3616BA51FE2F6C900EECBD7 /* IconViewController.swift */,
				C3616BA71FE2F6D200EECBD7 /* ThemeViewController.swift */,
				C3616BA91FE2F6D800EECBD7 /* MusicViewController.swift */,
			);
			path = Store;
			sourceTree = "<group>";
		};
		C3616B9A1FE2EAE700EECBD7 /* Group */ = {
			isa = PBXGroup;
			children = (
				C3616BA11FE2ECD900EECBD7 /* GroupViewController.swift */,
			);
			path = Group;
			sourceTree = "<group>";
		};
		C3616BAD1FE2FC0F00EECBD7 /* View */ = {
			isa = PBXGroup;
			children = (
				EC250CD11FEB4F1500103274 /* TableViewCell */,
				C3616BC11FE4596400EECBD7 /* CollectionViewCell */,
			);
			path = View;
			sourceTree = "<group>";
		};
		C3616BAE1FE2FC0F00EECBD7 /* Shared */ = {
			isa = PBXGroup;
			children = (
				0583BCB621382C4500E4A810 /* StringExt.swift */,
				0583BCB721382C4500E4A810 /* StringMetric.swift */,
				054B4D18201C82D200C23E6A /* WaveformView.swift */,
				C3616BB01FE2FC2800EECBD7 /* Firebase.swift */,
				C3616BB81FE4208A00EECBD7 /* SpeechRecognizer.swift */,
				ECEBE6171FE81E3000A47878 /* GameCenter.swift */,
				052797C021403AA600BB32A7 /* Global.swift */,
			);
			path = Shared;
			sourceTree = "<group>";
		};
		C3616BAF1FE2FC0F00EECBD7 /* Model */ = {
			isa = PBXGroup;
			children = (
				C3616BBE1FE42E1A00EECBD7 /* Library.swift */,
				C3616BB21FE3028700EECBD7 /* Icon.swift */,
				C3616BB41FE3052C00EECBD7 /* Theme.swift */,
				C3616BB61FE3053300EECBD7 /* Music.swift */,
			);
			path = Model;
			sourceTree = "<group>";
		};
		C3616BC11FE4596400EECBD7 /* CollectionViewCell */ = {
			isa = PBXGroup;
			children = (
				C3616BC21FE4598200EECBD7 /* IconCell.swift */,
				EC4F5D711FEBF05D00898C2B /* StoryCVCell.swift */,
			);
			path = CollectionViewCell;
			sourceTree = "<group>";
		};
		C3BBFD3C1FE96BA000CBACA7 /* Home */ = {
			isa = PBXGroup;
			children = (
				C3BBFD3D1FE96BAD00CBACA7 /* HomeViewController.swift */,
			);
			path = Home;
			sourceTree = "<group>";
		};
		C3BBFD3F1FE96CA300CBACA7 /* Library */ = {
			isa = PBXGroup;
			children = (
				C3BBFD401FE96D5300CBACA7 /* LibraryViewController.swift */,
				C3BBFD421FE96EF800CBACA7 /* PreviewViewController.swift */,
				C3BBFD441FE96FDE00CBACA7 /* ExperienceViewController.swift */,
				05E885C3202214150073DE52 /* CompleteViewController.swift */,
			);
			path = Library;
			sourceTree = "<group>";
		};
		C3BBFD461FEAC8CC00CBACA7 /* Settings */ = {
			isa = PBXGroup;
			children = (
				C3BBFD471FEAD0DD00CBACA7 /* SettingsViewController.swift */,
			);
			path = Settings;
			sourceTree = "<group>";
		};
		CC68E77FCBAA133C28E733DE /* Frameworks */ = {
			isa = PBXGroup;
			children = (
				057EC1142056A12200A4F20C /* Lottie.framework */,
				05C15DDD202B501E00831635 /* StoreKit.framework */,
				AE2528B1FA1036B4ED133F41 /* Pods_StoryTime.framework */,
			);
			name = Frameworks;
			sourceTree = "<group>";
		};
		EC250CD11FEB4F1500103274 /* TableViewCell */ = {
			isa = PBXGroup;
			children = (
				EC7832271FECE37400E092AF /* StoryTVCell.swift */,
			);
			path = TableViewCell;
			sourceTree = "<group>";
		};
		EC86DDC0201234DD00095CE3 /* Help */ = {
			isa = PBXGroup;
			children = (
				050E5B39219C503300DE8BE7 /* HelpVC.swift */,
				050E5B32219C501500DE8BE7 /* CustomOverlay.swift */,
				050E5B31219C501500DE8BE7 /* CustomOverlay.xib */,
				050E5B34219C501500DE8BE7 /* CustomPage.swift */,
				050E5B33219C501500DE8BE7 /* CustomPage.xib */,
			);
			path = Help;
			sourceTree = "<group>";
		};
/* End PBXGroup section */

/* Begin PBXNativeTarget section */
		C3616B7C1FE2E52900EECBD7 /* StoryTime */ = {
			isa = PBXNativeTarget;
			buildConfigurationList = C3616B8F1FE2E52900EECBD7 /* Build configuration list for PBXNativeTarget "StoryTime" */;
			buildPhases = (
				A8816DC07A49118E2CFDD28B /* [CP] Check Pods Manifest.lock */,
				C3616B791FE2E52900EECBD7 /* Sources */,
				C3616B7A1FE2E52900EECBD7 /* Frameworks */,
				C3616B7B1FE2E52900EECBD7 /* Resources */,
				8139820CF5072A6F2F3BA558 /* [CP] Embed Pods Frameworks */,
				418A7698E562BC5FCCF28B39 /* [CP] Copy Pods Resources */,
			);
			buildRules = (
			);
			dependencies = (
			);
			name = StoryTime;
			productName = StoryTime;
			productReference = C3616B7D1FE2E52900EECBD7 /* StoryTime.app */;
			productType = "com.apple.product-type.application";
		};
/* End PBXNativeTarget section */

/* Begin PBXProject section */
		C3616B751FE2E52900EECBD7 /* Project object */ = {
			isa = PBXProject;
			attributes = {
				LastSwiftUpdateCheck = 0920;
				LastUpgradeCheck = 0930;
				TargetAttributes = {
					C3616B7C1FE2E52900EECBD7 = {
						CreatedOnToolsVersion = 9.2;
						ProvisioningStyle = Automatic;
						SystemCapabilities = {
							com.apple.InAppPurchase = {
								enabled = 1;
							};
						};
					};
				};
			};
			buildConfigurationList = C3616B781FE2E52900EECBD7 /* Build configuration list for PBXProject "StoryTime" */;
			compatibilityVersion = "Xcode 8.0";
			developmentRegion = en;
			hasScannedForEncodings = 0;
			knownRegions = (
				en,
				Base,
			);
			mainGroup = C3616B741FE2E52800EECBD7;
			productRefGroup = C3616B7E1FE2E52900EECBD7 /* Products */;
			projectDirPath = "";
			projectRoot = "";
			targets = (
				C3616B7C1FE2E52900EECBD7 /* StoryTime */,
			);
		};
/* End PBXProject section */

/* Begin PBXResourcesBuildPhase section */
		C3616B7B1FE2E52900EECBD7 /* Resources */ = {
			isa = PBXResourcesBuildPhase;
			buildActionMask = 2147483647;
			files = (
				0550138A20C3F40B009EFFDE /* Sun.png in Resources */,
				0550136820C3F40B009EFFDE /* Bushes.png in Resources */,
				0550136720C3F40B009EFFDE /* Bus_3Shadow.png in Resources */,
				0550136620C3F40B009EFFDE /* Bus.png in Resources */,
				0550136A20C3F40B009EFFDE /* Cloud1.png in Resources */,
				0550136320C3F40B009EFFDE /* BGTrees.png in Resources */,
				0550137A20C3F40B009EFFDE /* Fishing.png in Resources */,
				0550137020C3F40B009EFFDE /* Eagle1.png in Resources */,
				0550139420C3F40B009EFFDE /* WalkForest.png in Resources */,
				0550139D20C3F40B009EFFDE /* WheelWell.png in Resources */,
				0550137B20C3F40B009EFFDE /* Fishing_0Pole.png in Resources */,
				050E5B2F219C4C5000DE8BE7 /* Main.storyboard in Resources */,
				0550137C20C3F40B009EFFDE /* Flash.png in Resources */,
				0550136F20C3F40B009EFFDE /* Dream.png in Resources */,
				0550136220C3F40B009EFFDE /* BGSky.png in Resources */,
				0550139920C3F40B009EFFDE /* WBody.png in Resources */,
				0550138E20C3F40B009EFFDE /* t2.png in Resources */,
				0550136420C3F40B009EFFDE /* BGTrees_4.png in Resources */,
				0550138820C3F40B009EFFDE /* Ray2.png in Resources */,
				0550138D20C3F40B009EFFDE /* t1.png in Resources */,
				050E5B2C219C491400DE8BE7 /* Assets.xcassets in Resources */,
				0550139C20C3F40B009EFFDE /* Wheel2.png in Resources */,
				0550138720C3F40B009EFFDE /* Ray1.png in Resources */,
				0550138420C3F40B009EFFDE /* net.png in Resources */,
				0550136920C3F40B009EFFDE /* CaughtFish.png in Resources */,
				0550138020C3F40B009EFFDE /* FSplash2.png in Resources */,
				0550139620C3F40B009EFFDE /* WaterBack.png in Resources */,
				C3616BAC1FE2F94200EECBD7 /* GoogleService-Info.plist in Resources */,
				0550139B20C3F40B009EFFDE /* Wheel1.png in Resources */,
				0550139520C3F40B009EFFDE /* Water.png in Resources */,
				0550137920C3F40B009EFFDE /* FFish.png in Resources */,
				0550139820C3F40B009EFFDE /* WaterFish.png in Resources */,
				0550139720C3F40B009EFFDE /* WaterBubbles.png in Resources */,
				050E5B30219C4C5000DE8BE7 /* LaunchScreen.storyboard in Resources */,
				0550136E20C3F40B009EFFDE /* door_2inside.png in Resources */,
				0550137E20C3F40B009EFFDE /* ForegroundTrees.png in Resources */,
				0550139A20C3F40B009EFFDE /* WHead.png in Resources */,
				050E5B35219C501500DE8BE7 /* CustomOverlay.xib in Resources */,
				0550139120C3F40B009EFFDE /* t5.png in Resources */,
				0550137F20C3F40B009EFFDE /* Fsplash.png in Resources */,
				0550137320C3F40B009EFFDE /* EagleDive.png in Resources */,
				0550136C20C3F40B009EFFDE /* door.png in Resources */,
				0550137820C3F40B009EFFDE /* ENDfish.png in Resources */,
				0550138F20C3F40B009EFFDE /* t3.png in Resources */,
				0550137220C3F40B009EFFDE /* Eagle3.png in Resources */,
				0550137420C3F40B009EFFDE /* EagleRise.png in Resources */,
				0550136B20C3F40B009EFFDE /* Cloud2.png in Resources */,
				0550138120C3F40B009EFFDE /* Grass.png in Resources */,
				0550137520C3F40B009EFFDE /* EagleRise2.png in Resources */,
				0550139220C3F40B009EFFDE /* t6.png in Resources */,
				0550138320C3F40B009EFFDE /* Mountain.png in Resources */,
				0550137D20C3F40B009EFFDE /* FlyHook.png in Resources */,
				0550137720C3F40B009EFFDE /* ENDChamp.png in Resources */,
				0550137120C3F40B009EFFDE /* Eagle2.png in Resources */,
				0550138B20C3F40B009EFFDE /* surprisebody.png in Resources */,
				0550137620C3F40B009EFFDE /* EagleTree.png in Resources */,
				0550138620C3F40B009EFFDE /* Otter.png in Resources */,
				050E5B37219C501500DE8BE7 /* CustomPage.xib in Resources */,
				0550139020C3F40B009EFFDE /* t4.png in Resources */,
				0550138220C3F40B009EFFDE /* mayfly.png in Resources */,
				0550139320C3F40B009EFFDE /* transition.png in Resources */,
				0550136520C3F40B009EFFDE /* blanket.png in Resources */,
				0550138C20C3F40B009EFFDE /* surprisehead.png in Resources */,
				0550138920C3F40B009EFFDE /* Sky.png in Resources */,
				0550138520C3F40B009EFFDE /* NetBack.png in Resources */,
				0550136D20C3F40B009EFFDE /* door_1_champ.png in Resources */,
				0550139E20C3F40B009EFFDE /* Story1_1.json in Resources */,
			);
			runOnlyForDeploymentPostprocessing = 0;
		};
/* End PBXResourcesBuildPhase section */

/* Begin PBXShellScriptBuildPhase section */
		418A7698E562BC5FCCF28B39 /* [CP] Copy Pods Resources */ = {
			isa = PBXShellScriptBuildPhase;
			buildActionMask = 2147483647;
			files = (
			);
			inputPaths = (
			);
			name = "[CP] Copy Pods Resources";
			outputPaths = (
			);
			runOnlyForDeploymentPostprocessing = 0;
			shellPath = /bin/sh;
			shellScript = "\"${SRCROOT}/Pods/Target Support Files/Pods-StoryTime/Pods-StoryTime-resources.sh\"\n";
			showEnvVarsInLog = 0;
		};
		8139820CF5072A6F2F3BA558 /* [CP] Embed Pods Frameworks */ = {
			isa = PBXShellScriptBuildPhase;
			buildActionMask = 2147483647;
			files = (
			);
			inputPaths = (
				"${SRCROOT}/Pods/Target Support Files/Pods-StoryTime/Pods-StoryTime-frameworks.sh",
				"${BUILT_PRODUCTS_DIR}/GTMSessionFetcher/GTMSessionFetcher.framework",
				"${BUILT_PRODUCTS_DIR}/GoogleToolboxForMac/GoogleToolboxForMac.framework",
				"${BUILT_PRODUCTS_DIR}/ProgressHUD/ProgressHUD.framework",
				"${BUILT_PRODUCTS_DIR}/SDWebImage/SDWebImage.framework",
				"${BUILT_PRODUCTS_DIR}/SMPageControl/SMPageControl.framework",
				"${BUILT_PRODUCTS_DIR}/SwiftyOnboard/SwiftyOnboard.framework",
				"${BUILT_PRODUCTS_DIR}/SwiftyStoreKit/SwiftyStoreKit.framework",
				"${BUILT_PRODUCTS_DIR}/leveldb-library/leveldb.framework",
				"${BUILT_PRODUCTS_DIR}/lottie-ios/Lottie.framework",
				"${BUILT_PRODUCTS_DIR}/nanopb/nanopb.framework",
			);
			name = "[CP] Embed Pods Frameworks";
			outputPaths = (
				"${TARGET_BUILD_DIR}/${FRAMEWORKS_FOLDER_PATH}/GTMSessionFetcher.framework",
				"${TARGET_BUILD_DIR}/${FRAMEWORKS_FOLDER_PATH}/GoogleToolboxForMac.framework",
				"${TARGET_BUILD_DIR}/${FRAMEWORKS_FOLDER_PATH}/ProgressHUD.framework",
				"${TARGET_BUILD_DIR}/${FRAMEWORKS_FOLDER_PATH}/SDWebImage.framework",
				"${TARGET_BUILD_DIR}/${FRAMEWORKS_FOLDER_PATH}/SMPageControl.framework",
				"${TARGET_BUILD_DIR}/${FRAMEWORKS_FOLDER_PATH}/SwiftyOnboard.framework",
				"${TARGET_BUILD_DIR}/${FRAMEWORKS_FOLDER_PATH}/SwiftyStoreKit.framework",
				"${TARGET_BUILD_DIR}/${FRAMEWORKS_FOLDER_PATH}/leveldb.framework",
				"${TARGET_BUILD_DIR}/${FRAMEWORKS_FOLDER_PATH}/Lottie.framework",
				"${TARGET_BUILD_DIR}/${FRAMEWORKS_FOLDER_PATH}/nanopb.framework",
			);
			runOnlyForDeploymentPostprocessing = 0;
			shellPath = /bin/sh;
			shellScript = "\"${SRCROOT}/Pods/Target Support Files/Pods-StoryTime/Pods-StoryTime-frameworks.sh\"\n";
			showEnvVarsInLog = 0;
		};
		A8816DC07A49118E2CFDD28B /* [CP] Check Pods Manifest.lock */ = {
			isa = PBXShellScriptBuildPhase;
			buildActionMask = 2147483647;
			files = (
			);
			inputPaths = (
				"${PODS_PODFILE_DIR_PATH}/Podfile.lock",
				"${PODS_ROOT}/Manifest.lock",
			);
			name = "[CP] Check Pods Manifest.lock";
			outputPaths = (
				"$(DERIVED_FILE_DIR)/Pods-StoryTime-checkManifestLockResult.txt",
			);
			runOnlyForDeploymentPostprocessing = 0;
			shellPath = /bin/sh;
			shellScript = "diff \"${PODS_PODFILE_DIR_PATH}/Podfile.lock\" \"${PODS_ROOT}/Manifest.lock\" > /dev/null\nif [ $? != 0 ] ; then\n    # print error to STDERR\n    echo \"error: The sandbox is not in sync with the Podfile.lock. Run 'pod install' or update your CocoaPods installation.\" >&2\n    exit 1\nfi\n# This output is used by Xcode 'outputs' to avoid re-running this script phase.\necho \"SUCCESS\" > \"${SCRIPT_OUTPUT_FILE_0}\"\n";
			showEnvVarsInLog = 0;
		};
/* End PBXShellScriptBuildPhase section */

/* Begin PBXSourcesBuildPhase section */
		C3616B791FE2E52900EECBD7 /* Sources */ = {
			isa = PBXSourcesBuildPhase;
			buildActionMask = 2147483647;
			files = (
				C3616BA81FE2F6D200EECBD7 /* ThemeViewController.swift in Sources */,
				C3616BB91FE4208A00EECBD7 /* SpeechRecognizer.swift in Sources */,
				C3616BBF1FE42E1A00EECBD7 /* Library.swift in Sources */,
				C3BBFD481FEAD0DD00CBACA7 /* SettingsViewController.swift in Sources */,
				C3616BA41FE2ED1600EECBD7 /* StoreViewController.swift in Sources */,
				C3BBFD411FE96D5300CBACA7 /* LibraryViewController.swift in Sources */,
				052797C121403AA600BB32A7 /* Global.swift in Sources */,
				C3616BB71FE3053300EECBD7 /* Music.swift in Sources */,
				054B4D19201C82D300C23E6A /* WaveformView.swift in Sources */,
				0583BCB821382C4500E4A810 /* StringExt.swift in Sources */,
				C3BBFD3E1FE96BAD00CBACA7 /* HomeViewController.swift in Sources */,
				ECEBE6181FE81E3000A47878 /* GameCenter.swift in Sources */,
				EC4F5D721FEBF05D00898C2B /* StoryCVCell.swift in Sources */,
				C3616BC31FE4598200EECBD7 /* IconCell.swift in Sources */,
				C3616BA61FE2F6C900EECBD7 /* IconViewController.swift in Sources */,
				C3616BAA1FE2F6D800EECBD7 /* MusicViewController.swift in Sources */,
				C3BBFD451FE96FDE00CBACA7 /* ExperienceViewController.swift in Sources */,
				C3616BB11FE2FC2800EECBD7 /* Firebase.swift in Sources */,
				C3616B811FE2E52900EECBD7 /* AppDelegate.swift in Sources */,
				C3BBFD431FE96EF800CBACA7 /* PreviewViewController.swift in Sources */,
				050E5B38219C501500DE8BE7 /* CustomPage.swift in Sources */,
				050E5B3A219C503300DE8BE7 /* HelpVC.swift in Sources */,
				C3616BB31FE3028700EECBD7 /* Icon.swift in Sources */,
				C3616B941FE2E7C200EECBD7 /* BaseViewController.swift in Sources */,
				C3616BA21FE2ECD900EECBD7 /* GroupViewController.swift in Sources */,
				050E5B36219C501500DE8BE7 /* CustomOverlay.swift in Sources */,
				05E885C4202214150073DE52 /* CompleteViewController.swift in Sources */,
				C3616BB51FE3052C00EECBD7 /* Theme.swift in Sources */,
				0583BCB921382C4500E4A810 /* StringMetric.swift in Sources */,
				EC7832281FECE37400E092AF /* StoryTVCell.swift in Sources */,
			);
			runOnlyForDeploymentPostprocessing = 0;
		};
/* End PBXSourcesBuildPhase section */

/* Begin XCBuildConfiguration section */
		C3616B8D1FE2E52900EECBD7 /* Debug */ = {
			isa = XCBuildConfiguration;
			buildSettings = {
				ALWAYS_SEARCH_USER_PATHS = NO;
				CLANG_ANALYZER_NONNULL = YES;
				CLANG_ANALYZER_NUMBER_OBJECT_CONVERSION = YES_AGGRESSIVE;
				CLANG_CXX_LANGUAGE_STANDARD = "gnu++14";
				CLANG_CXX_LIBRARY = "libc++";
				CLANG_ENABLE_MODULES = YES;
				CLANG_ENABLE_OBJC_ARC = YES;
				CLANG_WARN_BLOCK_CAPTURE_AUTORELEASING = YES;
				CLANG_WARN_BOOL_CONVERSION = YES;
				CLANG_WARN_COMMA = YES;
				CLANG_WARN_CONSTANT_CONVERSION = YES;
				CLANG_WARN_DEPRECATED_OBJC_IMPLEMENTATIONS = YES;
				CLANG_WARN_DIRECT_OBJC_ISA_USAGE = YES_ERROR;
				CLANG_WARN_DOCUMENTATION_COMMENTS = YES;
				CLANG_WARN_EMPTY_BODY = YES;
				CLANG_WARN_ENUM_CONVERSION = YES;
				CLANG_WARN_INFINITE_RECURSION = YES;
				CLANG_WARN_INT_CONVERSION = YES;
				CLANG_WARN_NON_LITERAL_NULL_CONVERSION = YES;
				CLANG_WARN_OBJC_IMPLICIT_RETAIN_SELF = YES;
				CLANG_WARN_OBJC_LITERAL_CONVERSION = YES;
				CLANG_WARN_OBJC_ROOT_CLASS = YES_ERROR;
				CLANG_WARN_RANGE_LOOP_ANALYSIS = YES;
				CLANG_WARN_STRICT_PROTOTYPES = YES;
				CLANG_WARN_SUSPICIOUS_MOVE = YES;
				CLANG_WARN_UNGUARDED_AVAILABILITY = YES_AGGRESSIVE;
				CLANG_WARN_UNREACHABLE_CODE = YES;
				CLANG_WARN__DUPLICATE_METHOD_MATCH = YES;
				CODE_SIGN_IDENTITY = "iPhone Developer";
				COPY_PHASE_STRIP = NO;
				DEBUG_INFORMATION_FORMAT = dwarf;
				ENABLE_STRICT_OBJC_MSGSEND = YES;
				ENABLE_TESTABILITY = YES;
				GCC_C_LANGUAGE_STANDARD = gnu11;
				GCC_DYNAMIC_NO_PIC = NO;
				GCC_NO_COMMON_BLOCKS = YES;
				GCC_OPTIMIZATION_LEVEL = 0;
				GCC_PREPROCESSOR_DEFINITIONS = (
					"DEBUG=1",
					"$(inherited)",
				);
				GCC_WARN_64_TO_32_BIT_CONVERSION = YES;
				GCC_WARN_ABOUT_RETURN_TYPE = YES_ERROR;
				GCC_WARN_UNDECLARED_SELECTOR = YES;
				GCC_WARN_UNINITIALIZED_AUTOS = YES_AGGRESSIVE;
				GCC_WARN_UNUSED_FUNCTION = YES;
				GCC_WARN_UNUSED_VARIABLE = YES;
				IPHONEOS_DEPLOYMENT_TARGET = 11.2;
				MTL_ENABLE_DEBUG_INFO = YES;
				ONLY_ACTIVE_ARCH = YES;
				SDKROOT = iphoneos;
				SWIFT_ACTIVE_COMPILATION_CONDITIONS = DEBUG;
				SWIFT_OPTIMIZATION_LEVEL = "-Onone";
			};
			name = Debug;
		};
		C3616B8E1FE2E52900EECBD7 /* Release */ = {
			isa = XCBuildConfiguration;
			buildSettings = {
				ALWAYS_SEARCH_USER_PATHS = NO;
				CLANG_ANALYZER_NONNULL = YES;
				CLANG_ANALYZER_NUMBER_OBJECT_CONVERSION = YES_AGGRESSIVE;
				CLANG_CXX_LANGUAGE_STANDARD = "gnu++14";
				CLANG_CXX_LIBRARY = "libc++";
				CLANG_ENABLE_MODULES = YES;
				CLANG_ENABLE_OBJC_ARC = YES;
				CLANG_WARN_BLOCK_CAPTURE_AUTORELEASING = YES;
				CLANG_WARN_BOOL_CONVERSION = YES;
				CLANG_WARN_COMMA = YES;
				CLANG_WARN_CONSTANT_CONVERSION = YES;
				CLANG_WARN_DEPRECATED_OBJC_IMPLEMENTATIONS = YES;
				CLANG_WARN_DIRECT_OBJC_ISA_USAGE = YES_ERROR;
				CLANG_WARN_DOCUMENTATION_COMMENTS = YES;
				CLANG_WARN_EMPTY_BODY = YES;
				CLANG_WARN_ENUM_CONVERSION = YES;
				CLANG_WARN_INFINITE_RECURSION = YES;
				CLANG_WARN_INT_CONVERSION = YES;
				CLANG_WARN_NON_LITERAL_NULL_CONVERSION = YES;
				CLANG_WARN_OBJC_IMPLICIT_RETAIN_SELF = YES;
				CLANG_WARN_OBJC_LITERAL_CONVERSION = YES;
				CLANG_WARN_OBJC_ROOT_CLASS = YES_ERROR;
				CLANG_WARN_RANGE_LOOP_ANALYSIS = YES;
				CLANG_WARN_STRICT_PROTOTYPES = YES;
				CLANG_WARN_SUSPICIOUS_MOVE = YES;
				CLANG_WARN_UNGUARDED_AVAILABILITY = YES_AGGRESSIVE;
				CLANG_WARN_UNREACHABLE_CODE = YES;
				CLANG_WARN__DUPLICATE_METHOD_MATCH = YES;
				CODE_SIGN_IDENTITY = "iPhone Developer";
				COPY_PHASE_STRIP = NO;
				DEBUG_INFORMATION_FORMAT = "dwarf-with-dsym";
				ENABLE_NS_ASSERTIONS = NO;
				ENABLE_STRICT_OBJC_MSGSEND = YES;
				GCC_C_LANGUAGE_STANDARD = gnu11;
				GCC_NO_COMMON_BLOCKS = YES;
				GCC_WARN_64_TO_32_BIT_CONVERSION = YES;
				GCC_WARN_ABOUT_RETURN_TYPE = YES_ERROR;
				GCC_WARN_UNDECLARED_SELECTOR = YES;
				GCC_WARN_UNINITIALIZED_AUTOS = YES_AGGRESSIVE;
				GCC_WARN_UNUSED_FUNCTION = YES;
				GCC_WARN_UNUSED_VARIABLE = YES;
				IPHONEOS_DEPLOYMENT_TARGET = 11.2;
				MTL_ENABLE_DEBUG_INFO = NO;
				SDKROOT = iphoneos;
				SWIFT_OPTIMIZATION_LEVEL = "-Owholemodule";
				VALIDATE_PRODUCT = YES;
			};
			name = Release;
		};
		C3616B901FE2E52900EECBD7 /* Debug */ = {
			isa = XCBuildConfiguration;
			baseConfigurationReference = B9B97089D4F24B29DEF17B0E /* Pods-StoryTime.debug.xcconfig */;
			buildSettings = {
				ASSETCATALOG_COMPILER_APPICON_NAME = AppIcon;
				"CODE_SIGN_IDENTITY[sdk=iphoneos*]" = "iPhone Developer";
				CODE_SIGN_STYLE = Automatic;
				DEVELOPMENT_TEAM = W783B6Q8FR;
				INFOPLIST_FILE = StoryTime/Info.plist;
				IPHONEOS_DEPLOYMENT_TARGET = 10.0;
				LD_RUNPATH_SEARCH_PATHS = "$(inherited) @executable_path/Frameworks";
				PRODUCT_BUNDLE_IDENTIFIER = com.bradcink.StoryTime;
				PRODUCT_NAME = "$(TARGET_NAME)";
				PROVISIONING_PROFILE = "";
				PROVISIONING_PROFILE_SPECIFIER = "";
				SWIFT_VERSION = 4.0;
				TARGETED_DEVICE_FAMILY = "1,2";
			};
			name = Debug;
		};
		C3616B911FE2E52900EECBD7 /* Release */ = {
			isa = XCBuildConfiguration;
			baseConfigurationReference = AE87EE5191B24F22AA9AC346 /* Pods-StoryTime.release.xcconfig */;
			buildSettings = {
				ASSETCATALOG_COMPILER_APPICON_NAME = AppIcon;
				"CODE_SIGN_IDENTITY[sdk=iphoneos*]" = "iPhone Developer";
				CODE_SIGN_STYLE = Automatic;
				DEVELOPMENT_TEAM = W783B6Q8FR;
				INFOPLIST_FILE = StoryTime/Info.plist;
				IPHONEOS_DEPLOYMENT_TARGET = 10.0;
				LD_RUNPATH_SEARCH_PATHS = "$(inherited) @executable_path/Frameworks";
				PRODUCT_BUNDLE_IDENTIFIER = com.bradcink.StoryTime;
				PRODUCT_NAME = "$(TARGET_NAME)";
				PROVISIONING_PROFILE_SPECIFIER = "";
				SWIFT_VERSION = 4.0;
				TARGETED_DEVICE_FAMILY = "1,2";
			};
			name = Release;
		};
/* End XCBuildConfiguration section */

/* Begin XCConfigurationList section */
		C3616B781FE2E52900EECBD7 /* Build configuration list for PBXProject "StoryTime" */ = {
			isa = XCConfigurationList;
			buildConfigurations = (
				C3616B8D1FE2E52900EECBD7 /* Debug */,
				C3616B8E1FE2E52900EECBD7 /* Release */,
			);
			defaultConfigurationIsVisible = 0;
			defaultConfigurationName = Release;
		};
		C3616B8F1FE2E52900EECBD7 /* Build configuration list for PBXNativeTarget "StoryTime" */ = {
			isa = XCConfigurationList;
			buildConfigurations = (
				C3616B901FE2E52900EECBD7 /* Debug */,
				C3616B911FE2E52900EECBD7 /* Release */,
			);
			defaultConfigurationIsVisible = 0;
			defaultConfigurationName = Release;
		};
/* End XCConfigurationList section */
	};
	rootObject = C3616B751FE2E52900EECBD7 /* Project object */;
}
